{
  "name": "Assignment_1_csv_to_json",
  "version": "1.0.0",
  "lockfileVersion": 1,
  "requires": true,
  "dependencies": {
    "csvjson": {
      "version": "5.0.0",
      "resolved": "https://registry.npmjs.org/csvjson/-/csvjson-5.0.0.tgz",
      "integrity": "sha1-RW3zzrqYnR+qEhG/KttKk8kel9Q="
    }
  }
}
